
Microsoft Visual Studio Solution File, Format Version 12.00
# Visual Studio Version 16
VisualStudioVersion = 16.0.34902.97
MinimumVisualStudioVersion = 10.0.40219.1
Project("{FAE04EC0-301F-11D3-BF4B-00C04F79EFBC}") = "Helloworld", "Helloworld\Helloworld.csproj", "{C73ADFA6-1C9B-4901-A474-FDA65D45E34A}"
EndProject
Project("{FAE04EC0-301F-11D3-BF4B-00C04F79EFBC}") = "stringTest", "..\stringTest\stringTest.csproj", "{34373D16-4011-4652-9425-5A067F6B9213}"
EndProject
Project("{FAE04EC0-301F-11D3-BF4B-00C04F79EFBC}") = "ReadLineTest", "..\ReadLineTest\ReadLineTest.csproj", "{ADB769FA-02EF-444D-97C1-D0200F0954D5}"
EndProject
Project("{FAE04EC0-301F-11D3-BF4B-00C04F79EFBC}") = "LoofTest", "LoofTest\LoofTest.csproj", "{553D4617-1816-44ED-B5DC-3777F797201E}"
EndProject
Project("{FAE04EC0-301F-11D3-BF4B-00C04F79EFBC}") = "Factorial", "Factorial\Factorial.csproj", "{E74CC4E7-F79B-409E-AC3E-3C3EC2487508}"
EndProject
Project("{FAE04EC0-301F-11D3-BF4B-00C04F79EFBC}") = "FunctionTest", "FunctionTest\FunctionTest.csproj", "{78988616-567F-43C8-ACF1-5F57041DB112}"
EndProject
Project("{FAE04EC0-301F-11D3-BF4B-00C04F79EFBC}") = "FormTest", "FormTest\FormTest.csproj", "{0720EB21-B933-465E-A248-4628BD0501F5}"
EndProject
Project("{FAE04EC0-301F-11D3-BF4B-00C04F79EFBC}") = "MathTest", "MathTest\MathTest.csproj", "{72BE6B58-E4F7-4B6C-AA67-7407AF449A5A}"
EndProject
Project("{FAE04EC0-301F-11D3-BF4B-00C04F79EFBC}") = "RandomTest", "RandomTest\RandomTest.csproj", "{AFC23C45-EE31-41BB-94BD-C5ACC87AAEF7}"
EndProject
Project("{FAE04EC0-301F-11D3-BF4B-00C04F79EFBC}") = "StructTest", "StructTest\StructTest.csproj", "{0911AB65-F9C6-4FFF-97A3-DA31E4962ACD}"
EndProject
Project("{FAE04EC0-301F-11D3-BF4B-00C04F79EFBC}") = "EnumTest", "EnumTest\EnumTest.csproj", "{4E2B5A8A-8DA6-46B2-9F03-FABE43A0608C}"
EndProject
Project("{FAE04EC0-301F-11D3-BF4B-00C04F79EFBC}") = "ClassTypeTest", "ClassTypeTest\ClassTypeTest.csproj", "{FD4AD8E5-6C66-4079-9391-1F065DD14A4E}"
EndProject
Project("{FAE04EC0-301F-11D3-BF4B-00C04F79EFBC}") = "StringFunTest", "StringFunTest\StringFunTest.csproj", "{C40CA279-7542-47FF-9443-98AEF40A0DE1}"
EndProject
Project("{FAE04EC0-301F-11D3-BF4B-00C04F79EFBC}") = "ExceptionTest", "ExceptionTest\ExceptionTest.csproj", "{DBC09DD0-CB5C-446F-A277-8D6BF8F5872B}"
EndProject
Project("{FAE04EC0-301F-11D3-BF4B-00C04F79EFBC}") = "CollectionTest", "CollectionTest\CollectionTest.csproj", "{FA4E482D-A80D-4919-81D6-99B60C66AD2D}"
EndProject
Project("{FAE04EC0-301F-11D3-BF4B-00C04F79EFBC}") = "GenericTest", "GenericTest\GenericTest.csproj", "{EF5FA29F-2CFA-480B-A6C3-AC6123E37A46}"
EndProject
Project("{FAE04EC0-301F-11D3-BF4B-00C04F79EFBC}") = "NullTest", "NullTest\NullTest.csproj", "{0D1F57E6-A657-4177-950A-520DD53B1691}"
EndProject
Project("{FAE04EC0-301F-11D3-BF4B-00C04F79EFBC}") = "LinqTest", "LinqTest\LinqTest.csproj", "{1E6416A4-81FE-42AC-94CC-666E1C2C68E0}"
EndProject
Project("{FAE04EC0-301F-11D3-BF4B-00C04F79EFBC}") = "algorithmsSort", "algorithmsSort\algorithmsSort.csproj", "{DAC3BC60-A01B-4AB3-A80D-ACC6A8D74FC4}"
EndProject
Project("{FAE04EC0-301F-11D3-BF4B-00C04F79EFBC}") = "ObjectTest", "ObjectTest\ObjectTest.csproj", "{A0BCFACC-E988-46EA-A317-D881EA06FB8A}"
EndProject
Project("{FAE04EC0-301F-11D3-BF4B-00C04F79EFBC}") = "NameSpaceTest", "NameSpaceTest\NameSpaceTest.csproj", "{BB53BDA3-2483-473C-8504-AE1D6D4C377F}"
EndProject
Project("{FAE04EC0-301F-11D3-BF4B-00C04F79EFBC}") = "FieldTest", "FieldTest\FieldTest.csproj", "{2D53AB62-B4C9-4236-9152-E04CE1AD4FA3}"
EndProject
Project("{FAE04EC0-301F-11D3-BF4B-00C04F79EFBC}") = "ConstructorTest", "ConstructorTest\ConstructorTest.csproj", "{91B7D831-0748-46DF-9E74-D166E1C06744}"
EndProject
Project("{FAE04EC0-301F-11D3-BF4B-00C04F79EFBC}") = "DestructorTest", "DestructorTest\DestructorTest.csproj", "{6550FBEE-032E-477A-AF4D-5AED23F06EA4}"
EndProject
Project("{FAE04EC0-301F-11D3-BF4B-00C04F79EFBC}") = "ParametersTest", "ParametersTest\ParametersTest.csproj", "{A62B7641-9CEF-4121-9AAC-9269FD844810}"
EndProject
Project("{FAE04EC0-301F-11D3-BF4B-00C04F79EFBC}") = "PropertyTest", "PropertyTest\PropertyTest.csproj", "{DB1B7E9C-B420-4F93-82CA-D48CD52677D3}"
EndProject
Project("{FAE04EC0-301F-11D3-BF4B-00C04F79EFBC}") = "IndexerUndIterator", "IndexerUndIterator\IndexerUndIterator.csproj", "{BC9C0366-B236-4BA4-BACD-3B3316A410BA}"
EndProject
Project("{FAE04EC0-301F-11D3-BF4B-00C04F79EFBC}") = "DelegateTest", "DelegateTest\DelegateTest.csproj", "{FBF7C581-18CC-4EFA-A9B3-92C5D6AA1DBE}"
EndProject
Project("{FAE04EC0-301F-11D3-BF4B-00C04F79EFBC}") = "EventTest", "EventTest\EventTest.csproj", "{E359C949-F99A-4B11-ABD8-4B2D0FD2AFAF}"
EndProject
Project("{FAE04EC0-301F-11D3-BF4B-00C04F79EFBC}") = "PartialClassTest", "PartialClassTest\PartialClassTest.csproj", "{A8436E37-BD25-4AB2-8F3A-3FE476E5F359}"
EndProject
Project("{FAE04EC0-301F-11D3-BF4B-00C04F79EFBC}") = "PointImperativ", "PointImperativ\PointImperativ.csproj", "{62455DA1-1A08-405B-BBFA-FC707B08F4CE}"
EndProject
Project("{FAE04EC0-301F-11D3-BF4B-00C04F79EFBC}") = "ImmutableTypeTest", "ImmutableTypeTest\ImmutableTypeTest.csproj", "{82E46482-6258-471A-9C67-00867AA2B180}"
EndProject
Project("{FAE04EC0-301F-11D3-BF4B-00C04F79EFBC}") = "OperatorOverloadTest", "OperatorOverloadTest\OperatorOverloadTest.csproj", "{578287B6-9537-46F8-B6C7-D9EA29BABEDD}"
EndProject
Project("{FAE04EC0-301F-11D3-BF4B-00C04F79EFBC}") = "InheritanceTest", "InheritanceTest\InheritanceTest.csproj", "{4A774EB0-6DE2-47D4-AF7A-D0DF86D70FE3}"
EndProject
Project("{FAE04EC0-301F-11D3-BF4B-00C04F79EFBC}") = "OverrideTest", "OverrideTest\OverrideTest.csproj", "{1EB4FD43-B81C-4B0A-A633-C05EE1DEF02D}"
EndProject
Project("{FAE04EC0-301F-11D3-BF4B-00C04F79EFBC}") = "InterfaceTest", "InterFaceTest2\InterfaceTest.csproj", "{ED74B151-6E66-4135-B5E9-83FCB552D038}"
EndProject
Project("{FAE04EC0-301F-11D3-BF4B-00C04F79EFBC}") = "AttributeTest", "AttributeTest\AttributeTest.csproj", "{112CB326-7002-4759-A530-5C2FD7F92860}"
EndProject
Project("{FAE04EC0-301F-11D3-BF4B-00C04F79EFBC}") = "CsOOPTest", "CsOOPTest\CsOOPTest.csproj", "{BCC3219C-FEF4-4852-9CC3-86001E23D6E1}"
EndProject
Project("{FAE04EC0-301F-11D3-BF4B-00C04F79EFBC}") = "CsOOPTest2", "CsOOPTest2\CsOOPTest2.csproj", "{114F1380-DCC2-49C6-8B51-EBE48F2A1113}"
EndProject
Project("{FAE04EC0-301F-11D3-BF4B-00C04F79EFBC}") = "CsOOPTest3", "CsOOPTest3\CsOOPTest3.csproj", "{82175A31-446C-48EA-83FF-28BE71CB892E}"
EndProject
Project("{FAE04EC0-301F-11D3-BF4B-00C04F79EFBC}") = "EventPatternTest", "EventPatternTest\EventPatternTest.csproj", "{FB77D839-719A-4BDB-8EFD-C40FBEE17B2D}"
EndProject
Project("{FAE04EC0-301F-11D3-BF4B-00C04F79EFBC}") = "GenericTest2", "GenericTest2\GenericTest2.csproj", "{5B0DA85C-3EEF-4D7C-B72F-833CFE3A786B}"
EndProject
Project("{FAE04EC0-301F-11D3-BF4B-00C04F79EFBC}") = "ExtensionMethodTest", "ExtensionMethodTest\ExtensionMethodTest.csproj", "{0906B54B-1C6E-43D6-BDC0-99D0249BA33F}"
EndProject
Project("{FAE04EC0-301F-11D3-BF4B-00C04F79EFBC}") = "DynamicTest", "DynamicTest\DynamicTest.csproj", "{3B0F375D-E899-4124-B93F-B72C38635EFF}"
EndProject
Project("{FAE04EC0-301F-11D3-BF4B-00C04F79EFBC}") = "TupleTest", "TupleTest\TupleTest.csproj", "{94E38996-86B0-4C9B-9F91-2F4569D601DD}"
EndProject
Project("{9A19103F-16F7-4668-BE54-9A1E7A4F7556}") = "MyAlgorithms", "MyAlgorithms\MyAlgorithms.csproj", "{C52A9CC9-113E-4F5D-9D68-4193A1A510C2}"
EndProject
Project("{FAE04EC0-301F-11D3-BF4B-00C04F79EFBC}") = "ThreadTest", "ThreadTest\ThreadTest.csproj", "{09469240-0C1D-492F-94D1-9F0733F386AA}"
EndProject
Project("{FAE04EC0-301F-11D3-BF4B-00C04F79EFBC}") = "AsyncAwaitTest", "AsyncAwaitTest\AsyncAwaitTest.csproj", "{2D2538A1-69F1-4511-B850-46B7B4AD3E3A}"
EndProject
Project("{FAE04EC0-301F-11D3-BF4B-00C04F79EFBC}") = "SyncAsyncTest", "SyncAsyncTest\SyncAsyncTest.csproj", "{D5978224-7E18-4AEC-99B8-811C16DAF5E2}"
EndProject
Project("{FAE04EC0-301F-11D3-BF4B-00C04F79EFBC}") = "AsyncAwaitTest2", "AsyncAwaitTest2\AsyncAwaitTest2.csproj", "{F87E112F-C40F-48EC-A405-1DBB6B950B02}"
EndProject
Project("{FAE04EC0-301F-11D3-BF4B-00C04F79EFBC}") = "AsyncAwaitTest3", "AsyncAwaitTest3\AsyncAwaitTest3.csproj", "{B85D315C-20CB-4E97-B1D4-133B06E5594B}"
EndProject
Project("{FAE04EC0-301F-11D3-BF4B-00C04F79EFBC}") = "AsyncAwaitWpf", "AsyncAwaitWpf\AsyncAwaitWpf.csproj", "{505B7A1B-86EA-4E96-9650-17ACBBC6B060}"
EndProject
Global
	GlobalSection(SolutionConfigurationPlatforms) = preSolution
		Debug|Any CPU = Debug|Any CPU
		Release|Any CPU = Release|Any CPU
	EndGlobalSection
	GlobalSection(ProjectConfigurationPlatforms) = postSolution
		{C73ADFA6-1C9B-4901-A474-FDA65D45E34A}.Debug|Any CPU.ActiveCfg = Debug|Any CPU
		{C73ADFA6-1C9B-4901-A474-FDA65D45E34A}.Debug|Any CPU.Build.0 = Debug|Any CPU
		{C73ADFA6-1C9B-4901-A474-FDA65D45E34A}.Release|Any CPU.ActiveCfg = Release|Any CPU
		{C73ADFA6-1C9B-4901-A474-FDA65D45E34A}.Release|Any CPU.Build.0 = Release|Any CPU
		{34373D16-4011-4652-9425-5A067F6B9213}.Debug|Any CPU.ActiveCfg = Debug|Any CPU
		{34373D16-4011-4652-9425-5A067F6B9213}.Debug|Any CPU.Build.0 = Debug|Any CPU
		{34373D16-4011-4652-9425-5A067F6B9213}.Release|Any CPU.ActiveCfg = Release|Any CPU
		{34373D16-4011-4652-9425-5A067F6B9213}.Release|Any CPU.Build.0 = Release|Any CPU
		{ADB769FA-02EF-444D-97C1-D0200F0954D5}.Debug|Any CPU.ActiveCfg = Debug|Any CPU
		{ADB769FA-02EF-444D-97C1-D0200F0954D5}.Debug|Any CPU.Build.0 = Debug|Any CPU
		{ADB769FA-02EF-444D-97C1-D0200F0954D5}.Release|Any CPU.ActiveCfg = Release|Any CPU
		{ADB769FA-02EF-444D-97C1-D0200F0954D5}.Release|Any CPU.Build.0 = Release|Any CPU
		{553D4617-1816-44ED-B5DC-3777F797201E}.Debug|Any CPU.ActiveCfg = Debug|Any CPU
		{553D4617-1816-44ED-B5DC-3777F797201E}.Debug|Any CPU.Build.0 = Debug|Any CPU
		{553D4617-1816-44ED-B5DC-3777F797201E}.Release|Any CPU.ActiveCfg = Release|Any CPU
		{553D4617-1816-44ED-B5DC-3777F797201E}.Release|Any CPU.Build.0 = Release|Any CPU
		{E74CC4E7-F79B-409E-AC3E-3C3EC2487508}.Debug|Any CPU.ActiveCfg = Debug|Any CPU
		{E74CC4E7-F79B-409E-AC3E-3C3EC2487508}.Debug|Any CPU.Build.0 = Debug|Any CPU
		{E74CC4E7-F79B-409E-AC3E-3C3EC2487508}.Release|Any CPU.ActiveCfg = Release|Any CPU
		{E74CC4E7-F79B-409E-AC3E-3C3EC2487508}.Release|Any CPU.Build.0 = Release|Any CPU
		{78988616-567F-43C8-ACF1-5F57041DB112}.Debug|Any CPU.ActiveCfg = Debug|Any CPU
		{78988616-567F-43C8-ACF1-5F57041DB112}.Debug|Any CPU.Build.0 = Debug|Any CPU
		{78988616-567F-43C8-ACF1-5F57041DB112}.Release|Any CPU.ActiveCfg = Release|Any CPU
		{78988616-567F-43C8-ACF1-5F57041DB112}.Release|Any CPU.Build.0 = Release|Any CPU
		{0720EB21-B933-465E-A248-4628BD0501F5}.Debug|Any CPU.ActiveCfg = Debug|Any CPU
		{0720EB21-B933-465E-A248-4628BD0501F5}.Debug|Any CPU.Build.0 = Debug|Any CPU
		{0720EB21-B933-465E-A248-4628BD0501F5}.Release|Any CPU.ActiveCfg = Release|Any CPU
		{0720EB21-B933-465E-A248-4628BD0501F5}.Release|Any CPU.Build.0 = Release|Any CPU
		{72BE6B58-E4F7-4B6C-AA67-7407AF449A5A}.Debug|Any CPU.ActiveCfg = Debug|Any CPU
		{72BE6B58-E4F7-4B6C-AA67-7407AF449A5A}.Debug|Any CPU.Build.0 = Debug|Any CPU
		{72BE6B58-E4F7-4B6C-AA67-7407AF449A5A}.Release|Any CPU.ActiveCfg = Release|Any CPU
		{72BE6B58-E4F7-4B6C-AA67-7407AF449A5A}.Release|Any CPU.Build.0 = Release|Any CPU
		{AFC23C45-EE31-41BB-94BD-C5ACC87AAEF7}.Debug|Any CPU.ActiveCfg = Debug|Any CPU
		{AFC23C45-EE31-41BB-94BD-C5ACC87AAEF7}.Debug|Any CPU.Build.0 = Debug|Any CPU
		{AFC23C45-EE31-41BB-94BD-C5ACC87AAEF7}.Release|Any CPU.ActiveCfg = Release|Any CPU
		{AFC23C45-EE31-41BB-94BD-C5ACC87AAEF7}.Release|Any CPU.Build.0 = Release|Any CPU
		{0911AB65-F9C6-4FFF-97A3-DA31E4962ACD}.Debug|Any CPU.ActiveCfg = Debug|Any CPU
		{0911AB65-F9C6-4FFF-97A3-DA31E4962ACD}.Debug|Any CPU.Build.0 = Debug|Any CPU
		{0911AB65-F9C6-4FFF-97A3-DA31E4962ACD}.Release|Any CPU.ActiveCfg = Release|Any CPU
		{0911AB65-F9C6-4FFF-97A3-DA31E4962ACD}.Release|Any CPU.Build.0 = Release|Any CPU
		{4E2B5A8A-8DA6-46B2-9F03-FABE43A0608C}.Debug|Any CPU.ActiveCfg = Debug|Any CPU
		{4E2B5A8A-8DA6-46B2-9F03-FABE43A0608C}.Debug|Any CPU.Build.0 = Debug|Any CPU
		{4E2B5A8A-8DA6-46B2-9F03-FABE43A0608C}.Release|Any CPU.ActiveCfg = Release|Any CPU
		{4E2B5A8A-8DA6-46B2-9F03-FABE43A0608C}.Release|Any CPU.Build.0 = Release|Any CPU
		{FD4AD8E5-6C66-4079-9391-1F065DD14A4E}.Debug|Any CPU.ActiveCfg = Debug|Any CPU
		{FD4AD8E5-6C66-4079-9391-1F065DD14A4E}.Debug|Any CPU.Build.0 = Debug|Any CPU
		{FD4AD8E5-6C66-4079-9391-1F065DD14A4E}.Release|Any CPU.ActiveCfg = Release|Any CPU
		{FD4AD8E5-6C66-4079-9391-1F065DD14A4E}.Release|Any CPU.Build.0 = Release|Any CPU
		{C40CA279-7542-47FF-9443-98AEF40A0DE1}.Debug|Any CPU.ActiveCfg = Debug|Any CPU
		{C40CA279-7542-47FF-9443-98AEF40A0DE1}.Debug|Any CPU.Build.0 = Debug|Any CPU
		{C40CA279-7542-47FF-9443-98AEF40A0DE1}.Release|Any CPU.ActiveCfg = Release|Any CPU
		{C40CA279-7542-47FF-9443-98AEF40A0DE1}.Release|Any CPU.Build.0 = Release|Any CPU
		{DBC09DD0-CB5C-446F-A277-8D6BF8F5872B}.Debug|Any CPU.ActiveCfg = Debug|Any CPU
		{DBC09DD0-CB5C-446F-A277-8D6BF8F5872B}.Debug|Any CPU.Build.0 = Debug|Any CPU
		{DBC09DD0-CB5C-446F-A277-8D6BF8F5872B}.Release|Any CPU.ActiveCfg = Release|Any CPU
		{DBC09DD0-CB5C-446F-A277-8D6BF8F5872B}.Release|Any CPU.Build.0 = Release|Any CPU
		{FA4E482D-A80D-4919-81D6-99B60C66AD2D}.Debug|Any CPU.ActiveCfg = Debug|Any CPU
		{FA4E482D-A80D-4919-81D6-99B60C66AD2D}.Debug|Any CPU.Build.0 = Debug|Any CPU
		{FA4E482D-A80D-4919-81D6-99B60C66AD2D}.Release|Any CPU.ActiveCfg = Release|Any CPU
		{FA4E482D-A80D-4919-81D6-99B60C66AD2D}.Release|Any CPU.Build.0 = Release|Any CPU
		{EF5FA29F-2CFA-480B-A6C3-AC6123E37A46}.Debug|Any CPU.ActiveCfg = Debug|Any CPU
		{EF5FA29F-2CFA-480B-A6C3-AC6123E37A46}.Debug|Any CPU.Build.0 = Debug|Any CPU
		{EF5FA29F-2CFA-480B-A6C3-AC6123E37A46}.Release|Any CPU.ActiveCfg = Release|Any CPU
		{EF5FA29F-2CFA-480B-A6C3-AC6123E37A46}.Release|Any CPU.Build.0 = Release|Any CPU
		{0D1F57E6-A657-4177-950A-520DD53B1691}.Debug|Any CPU.ActiveCfg = Debug|Any CPU
		{0D1F57E6-A657-4177-950A-520DD53B1691}.Debug|Any CPU.Build.0 = Debug|Any CPU
		{0D1F57E6-A657-4177-950A-520DD53B1691}.Release|Any CPU.ActiveCfg = Release|Any CPU
		{0D1F57E6-A657-4177-950A-520DD53B1691}.Release|Any CPU.Build.0 = Release|Any CPU
		{1E6416A4-81FE-42AC-94CC-666E1C2C68E0}.Debug|Any CPU.ActiveCfg = Debug|Any CPU
		{1E6416A4-81FE-42AC-94CC-666E1C2C68E0}.Debug|Any CPU.Build.0 = Debug|Any CPU
		{1E6416A4-81FE-42AC-94CC-666E1C2C68E0}.Release|Any CPU.ActiveCfg = Release|Any CPU
		{1E6416A4-81FE-42AC-94CC-666E1C2C68E0}.Release|Any CPU.Build.0 = Release|Any CPU
		{DAC3BC60-A01B-4AB3-A80D-ACC6A8D74FC4}.Debug|Any CPU.ActiveCfg = Debug|Any CPU
		{DAC3BC60-A01B-4AB3-A80D-ACC6A8D74FC4}.Debug|Any CPU.Build.0 = Debug|Any CPU
		{DAC3BC60-A01B-4AB3-A80D-ACC6A8D74FC4}.Release|Any CPU.ActiveCfg = Release|Any CPU
		{DAC3BC60-A01B-4AB3-A80D-ACC6A8D74FC4}.Release|Any CPU.Build.0 = Release|Any CPU
		{A0BCFACC-E988-46EA-A317-D881EA06FB8A}.Debug|Any CPU.ActiveCfg = Debug|Any CPU
		{A0BCFACC-E988-46EA-A317-D881EA06FB8A}.Debug|Any CPU.Build.0 = Debug|Any CPU
		{A0BCFACC-E988-46EA-A317-D881EA06FB8A}.Release|Any CPU.ActiveCfg = Release|Any CPU
		{A0BCFACC-E988-46EA-A317-D881EA06FB8A}.Release|Any CPU.Build.0 = Release|Any CPU
		{BB53BDA3-2483-473C-8504-AE1D6D4C377F}.Debug|Any CPU.ActiveCfg = Debug|Any CPU
		{BB53BDA3-2483-473C-8504-AE1D6D4C377F}.Debug|Any CPU.Build.0 = Debug|Any CPU
		{BB53BDA3-2483-473C-8504-AE1D6D4C377F}.Release|Any CPU.ActiveCfg = Release|Any CPU
		{BB53BDA3-2483-473C-8504-AE1D6D4C377F}.Release|Any CPU.Build.0 = Release|Any CPU
		{2D53AB62-B4C9-4236-9152-E04CE1AD4FA3}.Debug|Any CPU.ActiveCfg = Debug|Any CPU
		{2D53AB62-B4C9-4236-9152-E04CE1AD4FA3}.Debug|Any CPU.Build.0 = Debug|Any CPU
		{2D53AB62-B4C9-4236-9152-E04CE1AD4FA3}.Release|Any CPU.ActiveCfg = Release|Any CPU
		{2D53AB62-B4C9-4236-9152-E04CE1AD4FA3}.Release|Any CPU.Build.0 = Release|Any CPU
		{91B7D831-0748-46DF-9E74-D166E1C06744}.Debug|Any CPU.ActiveCfg = Debug|Any CPU
		{91B7D831-0748-46DF-9E74-D166E1C06744}.Debug|Any CPU.Build.0 = Debug|Any CPU
		{91B7D831-0748-46DF-9E74-D166E1C06744}.Release|Any CPU.ActiveCfg = Release|Any CPU
		{91B7D831-0748-46DF-9E74-D166E1C06744}.Release|Any CPU.Build.0 = Release|Any CPU
		{6550FBEE-032E-477A-AF4D-5AED23F06EA4}.Debug|Any CPU.ActiveCfg = Debug|Any CPU
		{6550FBEE-032E-477A-AF4D-5AED23F06EA4}.Debug|Any CPU.Build.0 = Debug|Any CPU
		{6550FBEE-032E-477A-AF4D-5AED23F06EA4}.Release|Any CPU.ActiveCfg = Release|Any CPU
		{6550FBEE-032E-477A-AF4D-5AED23F06EA4}.Release|Any CPU.Build.0 = Release|Any CPU
		{A62B7641-9CEF-4121-9AAC-9269FD844810}.Debug|Any CPU.ActiveCfg = Debug|Any CPU
		{A62B7641-9CEF-4121-9AAC-9269FD844810}.Debug|Any CPU.Build.0 = Debug|Any CPU
		{A62B7641-9CEF-4121-9AAC-9269FD844810}.Release|Any CPU.ActiveCfg = Release|Any CPU
		{A62B7641-9CEF-4121-9AAC-9269FD844810}.Release|Any CPU.Build.0 = Release|Any CPU
		{DB1B7E9C-B420-4F93-82CA-D48CD52677D3}.Debug|Any CPU.ActiveCfg = Debug|Any CPU
		{DB1B7E9C-B420-4F93-82CA-D48CD52677D3}.Debug|Any CPU.Build.0 = Debug|Any CPU
		{DB1B7E9C-B420-4F93-82CA-D48CD52677D3}.Release|Any CPU.ActiveCfg = Release|Any CPU
		{DB1B7E9C-B420-4F93-82CA-D48CD52677D3}.Release|Any CPU.Build.0 = Release|Any CPU
		{BC9C0366-B236-4BA4-BACD-3B3316A410BA}.Debug|Any CPU.ActiveCfg = Debug|Any CPU
		{BC9C0366-B236-4BA4-BACD-3B3316A410BA}.Debug|Any CPU.Build.0 = Debug|Any CPU
		{BC9C0366-B236-4BA4-BACD-3B3316A410BA}.Release|Any CPU.ActiveCfg = Release|Any CPU
		{BC9C0366-B236-4BA4-BACD-3B3316A410BA}.Release|Any CPU.Build.0 = Release|Any CPU
		{FBF7C581-18CC-4EFA-A9B3-92C5D6AA1DBE}.Debug|Any CPU.ActiveCfg = Debug|Any CPU
		{FBF7C581-18CC-4EFA-A9B3-92C5D6AA1DBE}.Debug|Any CPU.Build.0 = Debug|Any CPU
		{FBF7C581-18CC-4EFA-A9B3-92C5D6AA1DBE}.Release|Any CPU.ActiveCfg = Release|Any CPU
		{FBF7C581-18CC-4EFA-A9B3-92C5D6AA1DBE}.Release|Any CPU.Build.0 = Release|Any CPU
		{E359C949-F99A-4B11-ABD8-4B2D0FD2AFAF}.Debug|Any CPU.ActiveCfg = Debug|Any CPU
		{E359C949-F99A-4B11-ABD8-4B2D0FD2AFAF}.Debug|Any CPU.Build.0 = Debug|Any CPU
		{E359C949-F99A-4B11-ABD8-4B2D0FD2AFAF}.Release|Any CPU.ActiveCfg = Release|Any CPU
		{E359C949-F99A-4B11-ABD8-4B2D0FD2AFAF}.Release|Any CPU.Build.0 = Release|Any CPU
		{A8436E37-BD25-4AB2-8F3A-3FE476E5F359}.Debug|Any CPU.ActiveCfg = Debug|Any CPU
		{A8436E37-BD25-4AB2-8F3A-3FE476E5F359}.Debug|Any CPU.Build.0 = Debug|Any CPU
		{A8436E37-BD25-4AB2-8F3A-3FE476E5F359}.Release|Any CPU.ActiveCfg = Release|Any CPU
		{A8436E37-BD25-4AB2-8F3A-3FE476E5F359}.Release|Any CPU.Build.0 = Release|Any CPU
		{62455DA1-1A08-405B-BBFA-FC707B08F4CE}.Debug|Any CPU.ActiveCfg = Debug|Any CPU
		{62455DA1-1A08-405B-BBFA-FC707B08F4CE}.Debug|Any CPU.Build.0 = Debug|Any CPU
		{62455DA1-1A08-405B-BBFA-FC707B08F4CE}.Release|Any CPU.ActiveCfg = Release|Any CPU
		{62455DA1-1A08-405B-BBFA-FC707B08F4CE}.Release|Any CPU.Build.0 = Release|Any CPU
		{82E46482-6258-471A-9C67-00867AA2B180}.Debug|Any CPU.ActiveCfg = Debug|Any CPU
		{82E46482-6258-471A-9C67-00867AA2B180}.Debug|Any CPU.Build.0 = Debug|Any CPU
		{82E46482-6258-471A-9C67-00867AA2B180}.Release|Any CPU.ActiveCfg = Release|Any CPU
		{82E46482-6258-471A-9C67-00867AA2B180}.Release|Any CPU.Build.0 = Release|Any CPU
		{578287B6-9537-46F8-B6C7-D9EA29BABEDD}.Debug|Any CPU.ActiveCfg = Debug|Any CPU
		{578287B6-9537-46F8-B6C7-D9EA29BABEDD}.Debug|Any CPU.Build.0 = Debug|Any CPU
		{578287B6-9537-46F8-B6C7-D9EA29BABEDD}.Release|Any CPU.ActiveCfg = Release|Any CPU
		{578287B6-9537-46F8-B6C7-D9EA29BABEDD}.Release|Any CPU.Build.0 = Release|Any CPU
		{4A774EB0-6DE2-47D4-AF7A-D0DF86D70FE3}.Debug|Any CPU.ActiveCfg = Debug|Any CPU
		{4A774EB0-6DE2-47D4-AF7A-D0DF86D70FE3}.Debug|Any CPU.Build.0 = Debug|Any CPU
		{4A774EB0-6DE2-47D4-AF7A-D0DF86D70FE3}.Release|Any CPU.ActiveCfg = Release|Any CPU
		{4A774EB0-6DE2-47D4-AF7A-D0DF86D70FE3}.Release|Any CPU.Build.0 = Release|Any CPU
		{1EB4FD43-B81C-4B0A-A633-C05EE1DEF02D}.Debug|Any CPU.ActiveCfg = Debug|Any CPU
		{1EB4FD43-B81C-4B0A-A633-C05EE1DEF02D}.Debug|Any CPU.Build.0 = Debug|Any CPU
		{1EB4FD43-B81C-4B0A-A633-C05EE1DEF02D}.Release|Any CPU.ActiveCfg = Release|Any CPU
		{1EB4FD43-B81C-4B0A-A633-C05EE1DEF02D}.Release|Any CPU.Build.0 = Release|Any CPU
		{ED74B151-6E66-4135-B5E9-83FCB552D038}.Debug|Any CPU.ActiveCfg = Debug|Any CPU
		{ED74B151-6E66-4135-B5E9-83FCB552D038}.Debug|Any CPU.Build.0 = Debug|Any CPU
		{ED74B151-6E66-4135-B5E9-83FCB552D038}.Release|Any CPU.ActiveCfg = Release|Any CPU
		{ED74B151-6E66-4135-B5E9-83FCB552D038}.Release|Any CPU.Build.0 = Release|Any CPU
		{112CB326-7002-4759-A530-5C2FD7F92860}.Debug|Any CPU.ActiveCfg = Debug|Any CPU
		{112CB326-7002-4759-A530-5C2FD7F92860}.Debug|Any CPU.Build.0 = Debug|Any CPU
		{112CB326-7002-4759-A530-5C2FD7F92860}.Release|Any CPU.ActiveCfg = Release|Any CPU
		{112CB326-7002-4759-A530-5C2FD7F92860}.Release|Any CPU.Build.0 = Release|Any CPU
		{BCC3219C-FEF4-4852-9CC3-86001E23D6E1}.Debug|Any CPU.ActiveCfg = Debug|Any CPU
		{BCC3219C-FEF4-4852-9CC3-86001E23D6E1}.Debug|Any CPU.Build.0 = Debug|Any CPU
		{BCC3219C-FEF4-4852-9CC3-86001E23D6E1}.Release|Any CPU.ActiveCfg = Release|Any CPU
		{BCC3219C-FEF4-4852-9CC3-86001E23D6E1}.Release|Any CPU.Build.0 = Release|Any CPU
		{114F1380-DCC2-49C6-8B51-EBE48F2A1113}.Debug|Any CPU.ActiveCfg = Debug|Any CPU
		{114F1380-DCC2-49C6-8B51-EBE48F2A1113}.Debug|Any CPU.Build.0 = Debug|Any CPU
		{114F1380-DCC2-49C6-8B51-EBE48F2A1113}.Release|Any CPU.ActiveCfg = Release|Any CPU
		{114F1380-DCC2-49C6-8B51-EBE48F2A1113}.Release|Any CPU.Build.0 = Release|Any CPU
		{82175A31-446C-48EA-83FF-28BE71CB892E}.Debug|Any CPU.ActiveCfg = Debug|Any CPU
		{82175A31-446C-48EA-83FF-28BE71CB892E}.Debug|Any CPU.Build.0 = Debug|Any CPU
		{82175A31-446C-48EA-83FF-28BE71CB892E}.Release|Any CPU.ActiveCfg = Release|Any CPU
		{82175A31-446C-48EA-83FF-28BE71CB892E}.Release|Any CPU.Build.0 = Release|Any CPU
		{FB77D839-719A-4BDB-8EFD-C40FBEE17B2D}.Debug|Any CPU.ActiveCfg = Debug|Any CPU
		{FB77D839-719A-4BDB-8EFD-C40FBEE17B2D}.Debug|Any CPU.Build.0 = Debug|Any CPU
		{FB77D839-719A-4BDB-8EFD-C40FBEE17B2D}.Release|Any CPU.ActiveCfg = Release|Any CPU
		{FB77D839-719A-4BDB-8EFD-C40FBEE17B2D}.Release|Any CPU.Build.0 = Release|Any CPU
		{5B0DA85C-3EEF-4D7C-B72F-833CFE3A786B}.Debug|Any CPU.ActiveCfg = Debug|Any CPU
		{5B0DA85C-3EEF-4D7C-B72F-833CFE3A786B}.Debug|Any CPU.Build.0 = Debug|Any CPU
		{5B0DA85C-3EEF-4D7C-B72F-833CFE3A786B}.Release|Any CPU.ActiveCfg = Release|Any CPU
		{5B0DA85C-3EEF-4D7C-B72F-833CFE3A786B}.Release|Any CPU.Build.0 = Release|Any CPU
		{0906B54B-1C6E-43D6-BDC0-99D0249BA33F}.Debug|Any CPU.ActiveCfg = Debug|Any CPU
		{0906B54B-1C6E-43D6-BDC0-99D0249BA33F}.Debug|Any CPU.Build.0 = Debug|Any CPU
		{0906B54B-1C6E-43D6-BDC0-99D0249BA33F}.Release|Any CPU.ActiveCfg = Release|Any CPU
		{0906B54B-1C6E-43D6-BDC0-99D0249BA33F}.Release|Any CPU.Build.0 = Release|Any CPU
		{3B0F375D-E899-4124-B93F-B72C38635EFF}.Debug|Any CPU.ActiveCfg = Debug|Any CPU
		{3B0F375D-E899-4124-B93F-B72C38635EFF}.Debug|Any CPU.Build.0 = Debug|Any CPU
		{3B0F375D-E899-4124-B93F-B72C38635EFF}.Release|Any CPU.ActiveCfg = Release|Any CPU
		{3B0F375D-E899-4124-B93F-B72C38635EFF}.Release|Any CPU.Build.0 = Release|Any CPU
		{94E38996-86B0-4C9B-9F91-2F4569D601DD}.Debug|Any CPU.ActiveCfg = Debug|Any CPU
		{94E38996-86B0-4C9B-9F91-2F4569D601DD}.Debug|Any CPU.Build.0 = Debug|Any CPU
		{94E38996-86B0-4C9B-9F91-2F4569D601DD}.Release|Any CPU.ActiveCfg = Release|Any CPU
		{94E38996-86B0-4C9B-9F91-2F4569D601DD}.Release|Any CPU.Build.0 = Release|Any CPU
		{C52A9CC9-113E-4F5D-9D68-4193A1A510C2}.Debug|Any CPU.ActiveCfg = Debug|Any CPU
		{C52A9CC9-113E-4F5D-9D68-4193A1A510C2}.Debug|Any CPU.Build.0 = Debug|Any CPU
		{C52A9CC9-113E-4F5D-9D68-4193A1A510C2}.Release|Any CPU.ActiveCfg = Release|Any CPU
		{C52A9CC9-113E-4F5D-9D68-4193A1A510C2}.Release|Any CPU.Build.0 = Release|Any CPU
		{09469240-0C1D-492F-94D1-9F0733F386AA}.Debug|Any CPU.ActiveCfg = Debug|Any CPU
		{09469240-0C1D-492F-94D1-9F0733F386AA}.Debug|Any CPU.Build.0 = Debug|Any CPU
		{09469240-0C1D-492F-94D1-9F0733F386AA}.Release|Any CPU.ActiveCfg = Release|Any CPU
		{09469240-0C1D-492F-94D1-9F0733F386AA}.Release|Any CPU.Build.0 = Release|Any CPU
		{2D2538A1-69F1-4511-B850-46B7B4AD3E3A}.Debug|Any CPU.ActiveCfg = Debug|Any CPU
		{2D2538A1-69F1-4511-B850-46B7B4AD3E3A}.Debug|Any CPU.Build.0 = Debug|Any CPU
		{2D2538A1-69F1-4511-B850-46B7B4AD3E3A}.Release|Any CPU.ActiveCfg = Release|Any CPU
		{2D2538A1-69F1-4511-B850-46B7B4AD3E3A}.Release|Any CPU.Build.0 = Release|Any CPU
		{D5978224-7E18-4AEC-99B8-811C16DAF5E2}.Debug|Any CPU.ActiveCfg = Debug|Any CPU
		{D5978224-7E18-4AEC-99B8-811C16DAF5E2}.Debug|Any CPU.Build.0 = Debug|Any CPU
		{D5978224-7E18-4AEC-99B8-811C16DAF5E2}.Release|Any CPU.ActiveCfg = Release|Any CPU
		{D5978224-7E18-4AEC-99B8-811C16DAF5E2}.Release|Any CPU.Build.0 = Release|Any CPU
		{F87E112F-C40F-48EC-A405-1DBB6B950B02}.Debug|Any CPU.ActiveCfg = Debug|Any CPU
		{F87E112F-C40F-48EC-A405-1DBB6B950B02}.Debug|Any CPU.Build.0 = Debug|Any CPU
		{F87E112F-C40F-48EC-A405-1DBB6B950B02}.Release|Any CPU.ActiveCfg = Release|Any CPU
		{F87E112F-C40F-48EC-A405-1DBB6B950B02}.Release|Any CPU.Build.0 = Release|Any CPU
		{B85D315C-20CB-4E97-B1D4-133B06E5594B}.Debug|Any CPU.ActiveCfg = Debug|Any CPU
		{B85D315C-20CB-4E97-B1D4-133B06E5594B}.Debug|Any CPU.Build.0 = Debug|Any CPU
		{B85D315C-20CB-4E97-B1D4-133B06E5594B}.Release|Any CPU.ActiveCfg = Release|Any CPU
		{B85D315C-20CB-4E97-B1D4-133B06E5594B}.Release|Any CPU.Build.0 = Release|Any CPU
		{505B7A1B-86EA-4E96-9650-17ACBBC6B060}.Debug|Any CPU.ActiveCfg = Debug|Any CPU
		{505B7A1B-86EA-4E96-9650-17ACBBC6B060}.Debug|Any CPU.Build.0 = Debug|Any CPU
		{505B7A1B-86EA-4E96-9650-17ACBBC6B060}.Release|Any CPU.ActiveCfg = Release|Any CPU
		{505B7A1B-86EA-4E96-9650-17ACBBC6B060}.Release|Any CPU.Build.0 = Release|Any CPU
	EndGlobalSection
	GlobalSection(SolutionProperties) = preSolution
		HideSolutionNode = FALSE
	EndGlobalSection
	GlobalSection(ExtensibilityGlobals) = postSolution
		SolutionGuid = {7863B6BF-0C22-42CA-9507-167E1FA58489}
	EndGlobalSection
EndGlobal
